
Microsoft Visual Studio Solution File, Format Version 12.00
# Visual Studio Version 17
VisualStudioVersion = 17.1.32421.90
MinimumVisualStudioVersion = 10.0.40219.1
Project("{FAE04EC0-301F-11D3-BF4B-00C04F79EFBC}") = "HumanResources", "HumanResources.csproj", "{6F63E72D-8695-440D-B003-8D741B564B9D}"
EndProject
Global
	GlobalSection(SolutionConfigurationPlatforms) = preSolution
		Debug|Any CPU = Debug|Any CPU
		Release|Any CPU = Release|Any CPU
	EndGlobalSection
	GlobalSection(ProjectConfigurationPlatforms) = postSolution
		{6F63E72D-8695-440D-B003-8D741B564B9D}.Debug|Any CPU.ActiveCfg = Debug|Any CPU
		{6F63E72D-8695-440D-B003-8D741B564B9D}.Debug|Any CPU.Build.0 = Debug|Any CPU
		{6F63E72D-8695-440D-B003-8D741B564B9D}.Release|Any CPU.ActiveCfg = Release|Any CPU
		{6F63E72D-8695-440D-B003-8D741B564B9D}.Release|Any CPU.Build.0 = Release|Any CPU
	EndGlobalSection
	GlobalSection(SolutionProperties) = preSolution
		HideSolutionNode = FALSE
	EndGlobalSection
	GlobalSection(ExtensibilityGlobals) = postSolution
		SolutionGuid = {D6153FC7-A11B-4DD0-899A-EBE7EC6C483C}
	EndGlobalSection
EndGlobal
